// !$*UTF8*$!
{
	archiveVersion = 1;
	classes = {
	};
	objectVersion = 50;
	objects = {

/* Begin PBXBuildFile section */
		FA8A16C52248684F0044E3F2 /* AppDelegate.swift in Sources */ = {isa = PBXBuildFile; fileRef = FA8A16C42248684F0044E3F2 /* AppDelegate.swift */; };
		FA8A16C72248684F0044E3F2 /* ViewController.swift in Sources */ = {isa = PBXBuildFile; fileRef = FA8A16C62248684F0044E3F2 /* ViewController.swift */; };
		FA8A16CA2248684F0044E3F2 /* Main.storyboard in Resources */ = {isa = PBXBuildFile; fileRef = FA8A16C82248684F0044E3F2 /* Main.storyboard */; };
		FA8A16CC224868520044E3F2 /* Assets.xcassets in Resources */ = {isa = PBXBuildFile; fileRef = FA8A16CB224868520044E3F2 /* Assets.xcassets */; };
		FA8A16CF224868520044E3F2 /* LaunchScreen.storyboard in Resources */ = {isa = PBXBuildFile; fileRef = FA8A16CD224868520044E3F2 /* LaunchScreen.storyboard */; };
		FA8A16DA224868530044E3F2 /* threeday_findmypositionTests.swift in Sources */ = {isa = PBXBuildFile; fileRef = FA8A16D9224868530044E3F2 /* threeday_findmypositionTests.swift */; };
		FA8A16E5224868530044E3F2 /* threeday_findmypositionUITests.swift in Sources */ = {isa = PBXBuildFile; fileRef = FA8A16E4224868530044E3F2 /* threeday_findmypositionUITests.swift */; };
/* End PBXBuildFile section */

/* Begin PBXContainerItemProxy section */
		FA8A16D6224868530044E3F2 /* PBXContainerItemProxy */ = {
			isa = PBXContainerItemProxy;
			containerPortal = FA8A16B92248684F0044E3F2 /* Project object */;
			proxyType = 1;
			remoteGlobalIDString = FA8A16C02248684F0044E3F2;
			remoteInfo = "threeday-findmyposition";
		};
		FA8A16E1224868530044E3F2 /* PBXContainerItemProxy */ = {
			isa = PBXContainerItemProxy;
			containerPortal = FA8A16B92248684F0044E3F2 /* Project object */;
			proxyType = 1;
			remoteGlobalIDString = FA8A16C02248684F0044E3F2;
			remoteInfo = "threeday-findmyposition";
		};
/* End PBXContainerItemProxy section */

/* Begin PBXFileReference section */
		FA8A16C12248684F0044E3F2 /* threeday-findmyposition.app */ = {isa = PBXFileReference; explicitFileType = wrapper.application; includeInIndex = 0; path = "threeday-findmyposition.app"; sourceTree = BUILT_PRODUCTS_DIR; };
		FA8A16C42248684F0044E3F2 /* AppDelegate.swift */ = {isa = PBXFileReference; lastKnownFileType = sourcecode.swift; path = AppDelegate.swift; sourceTree = "<group>"; };
		FA8A16C62248684F0044E3F2 /* ViewController.swift */ = {isa = PBXFileReference; lastKnownFileType = sourcecode.swift; path = ViewController.swift; sourceTree = "<group>"; };
		FA8A16C92248684F0044E3F2 /* Base */ = {isa = PBXFileReference; lastKnownFileType = file.storyboard; name = Base; path = Base.lproj/Main.storyboard; sourceTree = "<group>"; };
		FA8A16CB224868520044E3F2 /* Assets.xcassets */ = {isa = PBXFileReference; lastKnownFileType = folder.assetcatalog; path = Assets.xcassets; sourceTree = "<group>"; };
		FA8A16CE224868520044E3F2 /* Base */ = {isa = PBXFileReference; lastKnownFileType = file.storyboard; name = Base; path = Base.lproj/LaunchScreen.storyboard; sourceTree = "<group>"; };
		FA8A16D0224868520044E3F2 /* Info.plist */ = {isa = PBXFileReference; lastKnownFileType = text.plist.xml; path = Info.plist; sourceTree = "<group>"; };
		FA8A16D5224868530044E3F2 /* threeday-findmypositionTests.xctest */ = {isa = PBXFileReference; explicitFileType = wrapper.cfbundle; includeInIndex = 0; path = "threeday-findmypositionTests.xctest"; sourceTree = BUILT_PRODUCTS_DIR; };
		FA8A16D9224868530044E3F2 /* threeday_findmypositionTests.swift */ = {isa = PBXFileReference; lastKnownFileType = sourcecode.swift; path = threeday_findmypositionTests.swift; sourceTree = "<group>"; };
		FA8A16DB224868530044E3F2 /* Info.plist */ = {isa = PBXFileReference; lastKnownFileType = text.plist.xml; path = Info.plist; sourceTree = "<group>"; };
		FA8A16E0224868530044E3F2 /* threeday-findmypositionUITests.xctest */ = {isa = PBXFileReference; explicitFileType = wrapper.cfbundle; includeInIndex = 0; path = "threeday-findmypositionUITests.xctest"; sourceTree = BUILT_PRODUCTS_DIR; };
		FA8A16E4224868530044E3F2 /* threeday_findmypositionUITests.swift */ = {isa = PBXFileReference; lastKnownFileType = sourcecode.swift; path = threeday_findmypositionUITests.swift; sourceTree = "<group>"; };
		FA8A16E6224868530044E3F2 /* Info.plist */ = {isa = PBXFileReference; lastKnownFileType = text.plist.xml; path = Info.plist; sourceTree = "<group>"; };
/* End PBXFileReference section */

/* Begin PBXFrameworksBuildPhase section */
		FA8A16BE2248684F0044E3F2 /* Frameworks */ = {
			isa = PBXFrameworksBuildPhase;
			buildActionMask = 2147483647;
			files = (
			);
			runOnlyForDeploymentPostprocessing = 0;
		};
		FA8A16D2224868530044E3F2 /* Frameworks */ = {
			isa = PBXFrameworksBuildPhase;
			buildActionMask = 2147483647;
			files = (
			);
			runOnlyForDeploymentPostprocessing = 0;
		};
		FA8A16DD224868530044E3F2 /* Frameworks */ = {
			isa = PBXFrameworksBuildPhase;
			buildActionMask = 2147483647;
			files = (
			);
			runOnlyForDeploymentPostprocessing = 0;
		};
/* End PBXFrameworksBuildPhase section */

/* Begin PBXGroup section */
		FA8A16B82248684F0044E3F2 = {
			isa = PBXGroup;
			children = (
				FA8A16C32248684F0044E3F2 /* threeday-findmyposition */,
				FA8A16D8224868530044E3F2 /* threeday-findmypositionTests */,
				FA8A16E3224868530044E3F2 /* threeday-findmypositionUITests */,
				FA8A16C22248684F0044E3F2 /* Products */,
			);
			sourceTree = "<group>";
		};
		FA8A16C22248684F0044E3F2 /* Products */ = {
			isa = PBXGroup;
			children = (
				FA8A16C12248684F0044E3F2 /* threeday-findmyposition.app */,
				FA8A16D5224868530044E3F2 /* threeday-findmypositionTests.xctest */,
				FA8A16E0224868530044E3F2 /* threeday-findmypositionUITests.xctest */,
			);
			name = Products;
			sourceTree = "<group>";
		};
		FA8A16C32248684F0044E3F2 /* threeday-findmyposition */ = {
			isa = PBXGroup;
			children = (
				FA8A16C42248684F0044E3F2 /* AppDelegate.swift */,
				FA8A16C62248684F0044E3F2 /* ViewController.swift */,
				FA8A16C82248684F0044E3F2 /* Main.storyboard */,
				FA8A16CB224868520044E3F2 /* Assets.xcassets */,
				FA8A16CD224868520044E3F2 /* LaunchScreen.storyboard */,
				FA8A16D0224868520044E3F2 /* Info.plist */,
			);
			path = "threeday-findmyposition";
			sourceTree = "<group>";
		};
		FA8A16D8224868530044E3F2 /* threeday-findmypositionTests */ = {
			isa = PBXGroup;
			children = (
				FA8A16D9224868530044E3F2 /* threeday_findmypositionTests.swift */,
				FA8A16DB224868530044E3F2 /* Info.plist */,
			);
			path = "threeday-findmypositionTests";
			sourceTree = "<group>";
		};
		FA8A16E3224868530044E3F2 /* threeday-findmypositionUITests */ = {
			isa = PBXGroup;
			children = (
				FA8A16E4224868530044E3F2 /* threeday_findmypositionUITests.swift */,
				FA8A16E6224868530044E3F2 /* Info.plist */,
			);
			path = "threeday-findmypositionUITests";
			sourceTree = "<group>";
		};
/* End PBXGroup section */

/* Begin PBXNativeTarget section */
		FA8A16C02248684F0044E3F2 /* threeday-findmyposition */ = {
			isa = PBXNativeTarget;
			buildConfigurationList = FA8A16E9224868530044E3F2 /* Build configuration list for PBXNativeTarget "threeday-findmyposition" */;
			buildPhases = (
				FA8A16BD2248684F0044E3F2 /* Sources */,
				FA8A16BE2248684F0044E3F2 /* Frameworks */,
				FA8A16BF2248684F0044E3F2 /* Resources */,
			);
			buildRules = (
			);
			dependencies = (
			);
			name = "threeday-findmyposition";
			productName = "threeday-findmyposition";
			productReference = FA8A16C12248684F0044E3F2 /* threeday-findmyposition.app */;
			productType = "com.apple.product-type.application";
		};
		FA8A16D4224868530044E3F2 /* threeday-findmypositionTests */ = {
			isa = PBXNativeTarget;
			buildConfigurationList = FA8A16EC224868530044E3F2 /* Build configuration list for PBXNativeTarget "threeday-findmypositionTests" */;
			buildPhases = (
				FA8A16D1224868530044E3F2 /* Sources */,
				FA8A16D2224868530044E3F2 /* Frameworks */,
				FA8A16D3224868530044E3F2 /* Resources */,
			);
			buildRules = (
			);
			dependencies = (
				FA8A16D7224868530044E3F2 /* PBXTargetDependency */,
			);
			name = "threeday-findmypositionTests";
			productName = "threeday-findmypositionTests";
			productReference = FA8A16D5224868530044E3F2 /* threeday-findmypositionTests.xctest */;
			productType = "com.apple.product-type.bundle.unit-test";
		};
		FA8A16DF224868530044E3F2 /* threeday-findmypositionUITests */ = {
			isa = PBXNativeTarget;
			buildConfigurationList = FA8A16EF224868530044E3F2 /* Build configuration list for PBXNativeTarget "threeday-findmypositionUITests" */;
			buildPhases = (
				FA8A16DC224868530044E3F2 /* Sources */,
				FA8A16DD224868530044E3F2 /* Frameworks */,
				FA8A16DE224868530044E3F2 /* Resources */,
			);
			buildRules = (
			);
			dependencies = (
				FA8A16E2224868530044E3F2 /* PBXTargetDependency */,
			);
			name = "threeday-findmypositionUITests";
			productName = "threeday-findmypositionUITests";
			productReference = FA8A16E0224868530044E3F2 /* threeday-findmypositionUITests.xctest */;
			productType = "com.apple.product-type.bundle.ui-testing";
		};
/* End PBXNativeTarget section */

/* Begin PBXProject section */
		FA8A16B92248684F0044E3F2 /* Project object */ = {
			isa = PBXProject;
			attributes = {
				LastSwiftUpdateCheck = 1010;
				LastUpgradeCheck = 1010;
				ORGANIZATIONNAME = MacBookPro;
				TargetAttributes = {
					FA8A16C02248684F0044E3F2 = {
						CreatedOnToolsVersion = 10.1;
					};
					FA8A16D4224868530044E3F2 = {
						CreatedOnToolsVersion = 10.1;
						TestTargetID = FA8A16C02248684F0044E3F2;
					};
					FA8A16DF224868530044E3F2 = {
						CreatedOnToolsVersion = 10.1;
						TestTargetID = FA8A16C02248684F0044E3F2;
					};
				};
			};
			buildConfigurationList = FA8A16BC2248684F0044E3F2 /* Build configuration list for PBXProject "threeday-findmyposition" */;
			compatibilityVersion = "Xcode 9.3";
			developmentRegion = en;
			hasScannedForEncodings = 0;
			knownRegions = (
				en,
				Base,
			);
			mainGroup = FA8A16B82248684F0044E3F2;
			productRefGroup = FA8A16C22248684F0044E3F2 /* Products */;
			projectDirPath = "";
			projectRoot = "";
			targets = (
				FA8A16C02248684F0044E3F2 /* threeday-findmyposition */,
				FA8A16D4224868530044E3F2 /* threeday-findmypositionTests */,
				FA8A16DF224868530044E3F2 /* threeday-findmypositionUITests */,
			);
		};
/* End PBXProject section */

/* Begin PBXResourcesBuildPhase section */
		FA8A16BF2248684F0044E3F2 /* Resources */ = {
			isa = PBXResourcesBuildPhase;
			buildActionMask = 2147483647;
			files = (
				FA8A16CF224868520044E3F2 /* LaunchScreen.storyboard in Resources */,
				FA8A16CC224868520044E3F2 /* Assets.xcassets in Resources */,
				FA8A16CA2248684F0044E3F2 /* Main.storyboard in Resources */,
			);
			runOnlyForDeploymentPostprocessing = 0;
		};
		FA8A16D3224868530044E3F2 /* Resources */ = {
			isa = PBXResourcesBuildPhase;
			buildActionMask = 2147483647;
			files = (
			);
			runOnlyForDeploymentPostprocessing = 0;
		};
		FA8A16DE224868530044E3F2 /* Resources */ = {
			isa = PBXResourcesBuildPhase;
			buildActionMask = 2147483647;
			files = (
			);
			runOnlyForDeploymentPostprocessing = 0;
		};
/* End PBXResourcesBuildPhase section */

/* Begin PBXSourcesBuildPhase section */
		FA8A16BD2248684F0044E3F2 /* Sources */ = {
			isa = PBXSourcesBuildPhase;
			buildActionMask = 2147483647;
			files = (
				FA8A16C72248684F0044E3F2 /* ViewController.swift in Sources */,
				FA8A16C52248684F0044E3F2 /* AppDelegate.swift in Sources */,
			);
			runOnlyForDeploymentPostprocessing = 0;
		};
		FA8A16D1224868530044E3F2 /* Sources */ = {
			isa = PBXSourcesBuildPhase;
			buildActionMask = 2147483647;
			files = (
				FA8A16DA224868530044E3F2 /* threeday_findmypositionTests.swift in Sources */,
			);
			runOnlyForDeploymentPostprocessing = 0;
		};
		FA8A16DC224868530044E3F2 /* Sources */ = {
			isa = PBXSourcesBuildPhase;
			buildActionMask = 2147483647;
			files = (
				FA8A16E5224868530044E3F2 /* threeday_findmypositionUITests.swift in Sources */,
			);
			runOnlyForDeploymentPostprocessing = 0;
		};
/* End PBXSourcesBuildPhase section */

/* Begin PBXTargetDependency section */
		FA8A16D7224868530044E3F2 /* PBXTargetDependency */ = {
			isa = PBXTargetDependency;
			target = FA8A16C02248684F0044E3F2 /* threeday-findmyposition */;
			targetProxy = FA8A16D6224868530044E3F2 /* PBXContainerItemProxy */;
		};
		FA8A16E2224868530044E3F2 /* PBXTargetDependency */ = {
			isa = PBXTargetDependency;
			target = FA8A16C02248684F0044E3F2 /* threeday-findmyposition */;
			targetProxy = FA8A16E1224868530044E3F2 /* PBXContainerItemProxy */;
		};
/* End PBXTargetDependency section */

/* Begin PBXVariantGroup section */
		FA8A16C82248684F0044E3F2 /* Main.storyboard */ = {
			isa = PBXVariantGroup;
			children = (
				FA8A16C92248684F0044E3F2 /* Base */,
			);
			name = Main.storyboard;
			sourceTree = "<group>";
		};
		FA8A16CD224868520044E3F2 /* LaunchScreen.storyboard */ = {
			isa = PBXVariantGroup;
			children = (
				FA8A16CE224868520044E3F2 /* Base */,
			);
			name = LaunchScreen.storyboard;
			sourceTree = "<group>";
		};
/* End PBXVariantGroup section */

/* Begin XCBuildConfiguration section */
		FA8A16E7224868530044E3F2 /* Debug */ = {
			isa = XCBuildConfiguration;
			buildSettings = {
				ALWAYS_SEARCH_USER_PATHS = NO;
				CLANG_ANALYZER_NONNULL = YES;
				CLANG_ANALYZER_NUMBER_OBJECT_CONVERSION = YES_AGGRESSIVE;
				CLANG_CXX_LANGUAGE_STANDARD = "gnu++14";
				CLANG_CXX_LIBRARY = "libc++";
				CLANG_ENABLE_MODULES = YES;
				CLANG_ENABLE_OBJC_ARC = YES;
				CLANG_ENABLE_OBJC_WEAK = YES;
				CLANG_WARN_BLOCK_CAPTURE_AUTORELEASING = YES;
				CLANG_WARN_BOOL_CONVERSION = YES;
				CLANG_WARN_COMMA = YES;
				CLANG_WARN_CONSTANT_CONVERSION = YES;
				CLANG_WARN_DEPRECATED_OBJC_IMPLEMENTATIONS = YES;
				CLANG_WARN_DIRECT_OBJC_ISA_USAGE = YES_ERROR;
				CLANG_WARN_DOCUMENTATION_COMMENTS = YES;
				CLANG_WARN_EMPTY_BODY = YES;
				CLANG_WARN_ENUM_CONVERSION = YES;
				CLANG_WARN_INFINITE_RECURSION = YES;
				CLANG_WARN_INT_CONVERSION = YES;
				CLANG_WARN_NON_LITERAL_NULL_CONVERSION = YES;
				CLANG_WARN_OBJC_IMPLICIT_RETAIN_SELF = YES;
				CLANG_WARN_OBJC_LITERAL_CONVERSION = YES;
				CLANG_WARN_OBJC_ROOT_CLASS = YES_ERROR;
				CLANG_WARN_RANGE_LOOP_ANALYSIS = YES;
				CLANG_WARN_STRICT_PROTOTYPES = YES;
				CLANG_WARN_SUSPICIOUS_MOVE = YES;
				CLANG_WARN_UNGUARDED_AVAILABILITY = YES_AGGRESSIVE;
				CLANG_WARN_UNREACHABLE_CODE = YES;
				CLANG_WARN__DUPLICATE_METHOD_MATCH = YES;
				CODE_SIGN_IDENTITY = "iPhone Developer";
				COPY_PHASE_STRIP = NO;
				DEBUG_INFORMATION_FORMAT = dwarf;
				ENABLE_STRICT_OBJC_MSGSEND = YES;
				ENABLE_TESTABILITY = YES;
				GCC_C_LANGUAGE_STANDARD = gnu11;
				GCC_DYNAMIC_NO_PIC = NO;
				GCC_NO_COMMON_BLOCKS = YES;
				GCC_OPTIMIZATION_LEVEL = 0;
				GCC_PREPROCESSOR_DEFINITIONS = (
					"DEBUG=1",
					"$(inherited)",
				);
				GCC_WARN_64_TO_32_BIT_CONVERSION = YES;
				GCC_WARN_ABOUT_RETURN_TYPE = YES_ERROR;
				GCC_WARN_UNDECLARED_SELECTOR = YES;
				GCC_WARN_UNINITIALIZED_AUTOS = YES_AGGRESSIVE;
				GCC_WARN_UNUSED_FUNCTION = YES;
				GCC_WARN_UNUSED_VARIABLE = YES;
				IPHONEOS_DEPLOYMENT_TARGET = 12.1;
				MTL_ENABLE_DEBUG_INFO = INCLUDE_SOURCE;
				MTL_FAST_MATH = YES;
				ONLY_ACTIVE_ARCH = YES;
				SDKROOT = iphoneos;
				SWIFT_ACTIVE_COMPILATION_CONDITIONS = DEBUG;
				SWIFT_OPTIMIZATION_LEVEL = "-Onone";
			};
			name = Debug;
		};
		FA8A16E8224868530044E3F2 /* Release */ = {
			isa = XCBuildConfiguration;
			buildSettings = {
				ALWAYS_SEARCH_USER_PATHS = NO;
				CLANG_ANALYZER_NONNULL = YES;
				CLANG_ANALYZER_NUMBER_OBJECT_CONVERSION = YES_AGGRESSIVE;
				CLANG_CXX_LANGUAGE_STANDARD = "gnu++14";
				CLANG_CXX_LIBRARY = "libc++";
				CLANG_ENABLE_MODULES = YES;
				CLANG_ENABLE_OBJC_ARC = YES;
				CLANG_ENABLE_OBJC_WEAK = YES;
				CLANG_WARN_BLOCK_CAPTURE_AUTORELEASING = YES;
				CLANG_WARN_BOOL_CONVERSION = YES;
				CLANG_WARN_COMMA = YES;
				CLANG_WARN_CONSTANT_CONVERSION = YES;
				CLANG_WARN_DEPRECATED_OBJC_IMPLEMENTATIONS = YES;
				CLANG_WARN_DIRECT_OBJC_ISA_USAGE = YES_ERROR;
				CLANG_WARN_DOCUMENTATION_COMMENTS = YES;
				CLANG_WARN_EMPTY_BODY = YES;
				CLANG_WARN_ENUM_CONVERSION = YES;
				CLANG_WARN_INFINITE_RECURSION = YES;
				CLANG_WARN_INT_CONVERSION = YES;
				CLANG_WARN_NON_LITERAL_NULL_CONVERSION = YES;
				CLANG_WARN_OBJC_IMPLICIT_RETAIN_SELF = YES;
				CLANG_WARN_OBJC_LITERAL_CONVERSION = YES;
				CLANG_WARN_OBJC_ROOT_CLASS = YES_ERROR;
				CLANG_WARN_RANGE_LOOP_ANALYSIS = YES;
				CLANG_WARN_STRICT_PROTOTYPES = YES;
				CLANG_WARN_SUSPICIOUS_MOVE = YES;
				CLANG_WARN_UNGUARDED_AVAILABILITY = YES_AGGRESSIVE;
				CLANG_WARN_UNREACHABLE_CODE = YES;
				CLANG_WARN__DUPLICATE_METHOD_MATCH = YES;
				CODE_SIGN_IDENTITY = "iPhone Developer";
				COPY_PHASE_STRIP = NO;
				DEBUG_INFORMATION_FORMAT = "dwarf-with-dsym";
				ENABLE_NS_ASSERTIONS = NO;
				ENABLE_STRICT_OBJC_MSGSEND = YES;
				GCC_C_LANGUAGE_STANDARD = gnu11;
				GCC_NO_COMMON_BLOCKS = YES;
				GCC_WARN_64_TO_32_BIT_CONVERSION = YES;
				GCC_WARN_ABOUT_RETURN_TYPE = YES_ERROR;
				GCC_WARN_UNDECLARED_SELECTOR = YES;
				GCC_WARN_UNINITIALIZED_AUTOS = YES_AGGRESSIVE;
				GCC_WARN_UNUSED_FUNCTION = YES;
				GCC_WARN_UNUSED_VARIABLE = YES;
				IPHONEOS_DEPLOYMENT_TARGET = 12.1;
				MTL_ENABLE_DEBUG_INFO = NO;
				MTL_FAST_MATH = YES;
				SDKROOT = iphoneos;
				SWIFT_COMPILATION_MODE = wholemodule;
				SWIFT_OPTIMIZATION_LEVEL = "-O";
				VALIDATE_PRODUCT = YES;
			};
			name = Release;
		};
		FA8A16EA224868530044E3F2 /* Debug */ = {
			isa = XCBuildConfiguration;
			buildSettings = {
				ASSETCATALOG_COMPILER_APPICON_NAME = AppIcon;
				CODE_SIGN_STYLE = Automatic;
				DEVELOPMENT_TEAM = 9G4QXL6SA6;
				INFOPLIST_FILE = "threeday-findmyposition/Info.plist";
				LD_RUNPATH_SEARCH_PATHS = (
					"$(inherited)",
					"@executable_path/Frameworks",
				);
				PRODUCT_BUNDLE_IDENTIFIER = "com.qingyutong.threeday-findmyposition";
				PRODUCT_NAME = "$(TARGET_NAME)";
				SWIFT_VERSION = 4.2;
				TARGETED_DEVICE_FAMILY = "1,2";
			};
			name = Debug;
		};
		FA8A16EB224868530044E3F2 /* Release */ = {
			isa = XCBuildConfiguration;
			buildSettings = {
				ASSETCATALOG_COMPILER_APPICON_NAME = AppIcon;
				CODE_SIGN_STYLE = Automatic;
				DEVELOPMENT_TEAM = 9G4QXL6SA6;
				INFOPLIST_FILE = "threeday-findmyposition/Info.plist";
				LD_RUNPATH_SEARCH_PATHS = (
					"$(inherited)",
					"@executable_path/Frameworks",
				);
				PRODUCT_BUNDLE_IDENTIFIER = "com.qingyutong.threeday-findmyposition";
				PRODUCT_NAME = "$(TARGET_NAME)";
				SWIFT_VERSION = 4.2;
				TARGETED_DEVICE_FAMILY = "1,2";
			};
			name = Release;
		};
		FA8A16ED224868530044E3F2 /* Debug */ = {
			isa = XCBuildConfiguration;
			buildSettings = {
				ALWAYS_EMBED_SWIFT_STANDARD_LIBRARIES = YES;
				BUNDLE_LOADER = "$(TEST_HOST)";
				CODE_SIGN_STYLE = Automatic;
				DEVELOPMENT_TEAM = 9G4QXL6SA6;
				INFOPLIST_FILE = "threeday-findmypositionTests/Info.plist";
				LD_RUNPATH_SEARCH_PATHS = (
					"$(inherited)",
					"@executable_path/Frameworks",
					"@loader_path/Frameworks",
				);
				PRODUCT_BUNDLE_IDENTIFIER = "com.qingyutong.threeday-findmypositionTests";
				PRODUCT_NAME = "$(TARGET_NAME)";
				SWIFT_VERSION = 4.2;
				TARGETED_DEVICE_FAMILY = "1,2";
				TEST_HOST = "$(BUILT_PRODUCTS_DIR)/threeday-findmyposition.app/threeday-findmyposition";
			};
			name = Debug;
		};
		FA8A16EE224868530044E3F2 /* Release */ = {
			isa = XCBuildConfiguration;
			buildSettings = {
				ALWAYS_EMBED_SWIFT_STANDARD_LIBRARIES = YES;
				BUNDLE_LOADER = "$(TEST_HOST)";
				CODE_SIGN_STYLE = Automatic;
				DEVELOPMENT_TEAM = 9G4QXL6SA6;
				INFOPLIST_FILE = "threeday-findmypositionTests/Info.plist";
				LD_RUNPATH_SEARCH_PATHS = (
					"$(inherited)",
					"@executable_path/Frameworks",
					"@loader_path/Frameworks",
				);
				PRODUCT_BUNDLE_IDENTIFIER = "com.qingyutong.threeday-findmypositionTests";
				PRODUCT_NAME = "$(TARGET_NAME)";
				SWIFT_VERSION = 4.2;
				TARGETED_DEVICE_FAMILY = "1,2";
				TEST_HOST = "$(BUILT_PRODUCTS_DIR)/threeday-findmyposition.app/threeday-findmyposition";
			};
			name = Release;
		};
		FA8A16F0224868530044E3F2 /* Debug */ = {
			isa = XCBuildConfiguration;
			buildSettings = {
				ALWAYS_EMBED_SWIFT_STANDARD_LIBRARIES = YES;
				CODE_SIGN_STYLE = Automatic;
				DEVELOPMENT_TEAM = 9G4QXL6SA6;
				INFOPLIST_FILE = "threeday-findmypositionUITests/Info.plist";
				LD_RUNPATH_SEARCH_PATHS = (
					"$(inherited)",
					"@executable_path/Frameworks",
					"@loader_path/Frameworks",
				);
				PRODUCT_BUNDLE_IDENTIFIER = "com.qingyutong.threeday-findmypositionUITests";
				PRODUCT_NAME = "$(TARGET_NAME)";
				SWIFT_VERSION = 4.2;
				TARGETED_DEVICE_FAMILY = "1,2";
				TEST_TARGET_NAME = "threeday-findmyposition";
			};
			name = Debug;
		};
		FA8A16F1224868530044E3F2 /* Release */ = {
			isa = XCBuildConfiguration;
			buildSettings = {
				ALWAYS_EMBED_SWIFT_STANDARD_LIBRARIES = YES;
				CODE_SIGN_STYLE = Automatic;
				DEVELOPMENT_TEAM = 9G4QXL6SA6;
				INFOPLIST_FILE = "threeday-findmypositionUITests/Info.plist";
				LD_RUNPATH_SEARCH_PATHS = (
					"$(inherited)",
					"@executable_path/Frameworks",
					"@loader_path/Frameworks",
				);
				PRODUCT_BUNDLE_IDENTIFIER = "com.qingyutong.threeday-findmypositionUITests";
				PRODUCT_NAME = "$(TARGET_NAME)";
				SWIFT_VERSION = 4.2;
				TARGETED_DEVICE_FAMILY = "1,2";
				TEST_TARGET_NAME = "threeday-findmyposition";
			};
			name = Release;
		};
/* End XCBuildConfiguration section */

/* Begin XCConfigurationList section */
		FA8A16BC2248684F0044E3F2 /* Build configuration list for PBXProject "threeday-findmyposition" */ = {
			isa = XCConfigurationList;
			buildConfigurations = (
				FA8A16E7224868530044E3F2 /* Debug */,
				FA8A16E8224868530044E3F2 /* Release */,
			);
			defaultConfigurationIsVisible = 0;
			defaultConfigurationName = Release;
		};
		FA8A16E9224868530044E3F2 /* Build configuration list for PBXNativeTarget "threeday-findmyposition" */ = {
			isa = XCConfigurationList;
			buildConfigurations = (
				FA8A16EA224868530044E3F2 /* Debug */,
				FA8A16EB224868530044E3F2 /* Release */,
			);
			defaultConfigurationIsVisible = 0;
			defaultConfigurationName = Release;
		};
		FA8A16EC224868530044E3F2 /* Build configuration list for PBXNativeTarget "threeday-findmypositionTests" */ = {
			isa = XCConfigurationList;
			buildConfigurations = (
				FA8A16ED224868530044E3F2 /* Debug */,
				FA8A16EE224868530044E3F2 /* Release */,
			);
			defaultConfigurationIsVisible = 0;
			defaultConfigurationName = Release;
		};
		FA8A16EF224868530044E3F2 /* Build configuration list for PBXNativeTarget "threeday-findmypositionUITests" */ = {
			isa = XCConfigurationList;
			buildConfigurations = (
				FA8A16F0224868530044E3F2 /* Debug */,
				FA8A16F1224868530044E3F2 /* Release */,
			);
			defaultConfigurationIsVisible = 0;
			defaultConfigurationName = Release;
		};
/* End XCConfigurationList section */
	};
	rootObject = FA8A16B92248684F0044E3F2 /* Project object */;
}
